
Microsoft Visual Studio Solution File, Format Version 12.00
# Visual Studio Version 17
VisualStudioVersion = 17.14.36930.0 d17.14
MinimumVisualStudioVersion = 10.0.40219.1
Project("{FAE04EC0-301F-11D3-BF4B-00C04F79EFBC}") = "18_TheFountainOfObjects", "18_TheFountainOfObjects.csproj", "{C7343639-AEBF-4FDD-86A1-DFF2B4A75D0E}"
EndProject
Global
	GlobalSection(SolutionConfigurationPlatforms) = preSolution
		Debug|Any CPU = Debug|Any CPU
		Release|Any CPU = Release|Any CPU
	EndGlobalSection
	GlobalSection(ProjectConfigurationPlatforms) = postSolution
		{C7343639-AEBF-4FDD-86A1-DFF2B4A75D0E}.Debug|Any CPU.ActiveCfg = Debug|Any CPU
		{C7343639-AEBF-4FDD-86A1-DFF2B4A75D0E}.Debug|Any CPU.Build.0 = Debug|Any CPU
		{C7343639-AEBF-4FDD-86A1-DFF2B4A75D0E}.Release|Any CPU.ActiveCfg = Release|Any CPU
		{C7343639-AEBF-4FDD-86A1-DFF2B4A75D0E}.Release|Any CPU.Build.0 = Release|Any CPU
	EndGlobalSection
	GlobalSection(SolutionProperties) = preSolution
		HideSolutionNode = FALSE
	EndGlobalSection
	GlobalSection(ExtensibilityGlobals) = postSolution
		SolutionGuid = {66784E64-35AF-473D-972F-A30A9D534693}
	EndGlobalSection
EndGlobal
